# This file is automatically @generated by Cargo.
# It is not intended for manual editing.
version = 3

[[package]]
name = "cli_interaction"
version = "0.1.0"
dependencies = [
 "turn_order",
]

[[package]]
name = "gui_interaction"
version = "0.1.0"

[[package]]
name = "turn_order"
version = "0.1.0"
